{
  "name": "tavla",
  "version": "1.0.0",
  "lockfileVersion": 3,
  "requires": true,
  "packages": {
    "": {
      "name": "tavla",
      "version": "1.0.0",
      "license": "ISC",
      "dependencies": {
        "@rails/actiontext": "^8.1.300",
        "bootstrap-icons": "^1.13.1",
        "daisyui": "^5.5.19",
        "trix": "^2.1.18"
      }
    },
    "node_modules/@rails/actiontext": {
      "version": "8.1.300",
      "resolved": "https://registry.npmjs.org/@rails/actiontext/-/actiontext-8.1.300.tgz",
      "integrity": "sha512-KPbLfZTt6aFKbdeTlU7ZzmX0uSSNhhfZx3G+2lfa6HltQ/r23HDcJnJOEVt72WKJo13IS5C5HK0sYwplVMCdNw==",
      "license": "MIT",
      "dependencies": {
        "@rails/activestorage": ">= 8.1.0-alpha"
      },
      "peerDependencies": {
        "trix": "^2.0.0"
      }
    },
    "node_modules/@rails/activestorage": {
      "version": "8.1.300",
      "resolved": "https://registry.npmjs.org/@rails/activestorage/-/activestorage-8.1.300.tgz",
      "integrity": "sha512-AOv3zZrTJjQlzm4L9uzOQtCz6zaM4IqUyux6yzSqmS+PZ8EzwD1F2JAc4LlJNJAv4MSyNYriG+CaCm1QbQTjsA==",
      "license": "MIT",
      "dependencies": {
        "spark-md5": "^3.0.1"
      }
    },
    "node_modules/@types/trusted-types": {
      "version": "2.0.7",
      "resolved": "https://registry.npmjs.org/@types/trusted-types/-/trusted-types-2.0.7.tgz",
      "integrity": "sha512-ScaPdn1dQczgbl0QFTeTOmVHFULt394XJgOQNoyVhZ6r2vLnMLJfBPd53SB52T/3G36VI1/g2MZaX0cwDuXsfw==",
      "license": "MIT",
      "optional": true
    },
    "node_modules/bootstrap-icons": {
      "version": "1.13.1",
      "resolved": "https://registry.npmjs.org/bootstrap-icons/-/bootstrap-icons-1.13.1.tgz",
      "integrity": "sha512-ijombt4v6bv5CLeXvRWKy7CuM3TRTuPEuGaGKvTV5cz65rQSY8RQ2JcHt6b90cBBAC7s8fsf2EkQDldzCoXUjw==",
      "funding": [
        {
          "type": "github",
          "url": "https://github.com/sponsors/twbs"
        },
        {
          "type": "opencollective",
          "url": "https://opencollective.com/bootstrap"
        }
      ],
      "license": "MIT"
    },
    "node_modules/daisyui": {
      "version": "5.5.19",
      "resolved": "https://registry.npmjs.org/daisyui/-/daisyui-5.5.19.tgz",
      "integrity": "sha512-pbFAkl1VCEh/MPCeclKL61I/MqRIFFhNU7yiXoDDRapXN4/qNCoMxeCCswyxEEhqL5eiTTfwHvucFtOE71C9sA==",
      "license": "MIT",
      "funding": {
        "url": "https://github.com/saadeghi/daisyui?sponsor=1"
      }
    },
    "node_modules/dompurify": {
      "version": "3.4.2",
      "resolved": "https://registry.npmjs.org/dompurify/-/dompurify-3.4.2.tgz",
      "integrity": "sha512-lHeS9SA/IKeIFFyYciHBr2n0v1VMPlSj843HdLOwjb2OxNwdq9Xykxqhk+FE42MzAdHvInbAolSE4mhahPpjXA==",
      "license": "(MPL-2.0 OR Apache-2.0)",
      "optionalDependencies": {
        "@types/trusted-types": "^2.0.7"
      }
    },
    "node_modules/spark-md5": {
      "version": "3.0.2",
      "resolved": "https://registry.npmjs.org/spark-md5/-/spark-md5-3.0.2.tgz",
      "integrity": "sha512-wcFzz9cDfbuqe0FZzfi2or1sgyIrsDwmPwfZC4hiNidPdPINjeUwNfv5kldczoEAcjl9Y1L3SM7Uz2PUEQzxQw==",
      "license": "(WTFPL OR MIT)"
    },
    "node_modules/trix": {
      "version": "2.1.18",
      "resolved": "https://registry.npmjs.org/trix/-/trix-2.1.18.tgz",
      "integrity": "sha512-DWOdTsz3n9PO3YBc1R6pGh9MG1cXys/2+rouc/qsISncjc2MBew2UOW8nXh3NjUOjobKsXCIPR6LB02abg2EYg==",
      "license": "MIT",
      "peer": true,
      "dependencies": {
        "dompurify": "^3.2.5"
      },
      "engines": {
        "node": ">= 18"
      }
    }
  }
}
